
Microsoft Visual Studio Solution File, Format Version 12.00
# Visual Studio 14
VisualStudioVersion = 14.0.25420.1
MinimumVisualStudioVersion = 10.0.40219.1
Project("{FAE04EC0-301F-11D3-BF4B-00C04F79EFBC}") = "TaxonomyLib", "TaxonomyLib\TaxonomyLib.csproj", "{79D1878B-5BDE-4DA0-BB21-6A39C4E9C1E8}"
EndProject
Project("{FAE04EC0-301F-11D3-BF4B-00C04F79EFBC}") = "TaxonomyWpf", "TaxonomyWpf\TaxonomyWpf.csproj", "{20C72D5A-827F-438B-B56B-5C783CAEA475}"
EndProject
Project("{FAE04EC0-301F-11D3-BF4B-00C04F79EFBC}") = "Tests", "Tests\Tests.csproj", "{A94C2D54-EB39-4663-B7F4-5F0EF7590BA9}"
EndProject
Project("{FAE04EC0-301F-11D3-BF4B-00C04F79EFBC}") = "Common", "Common\Common.csproj", "{B8E091DC-4EBD-4AA0-B37E-1CF02A1B57A0}"
EndProject
Global
	GlobalSection(Performance) = preSolution
		HasPerformanceSessions = true
	EndGlobalSection
	GlobalSection(SolutionConfigurationPlatforms) = preSolution
		Debug|Any CPU = Debug|Any CPU
		Release|Any CPU = Release|Any CPU
	EndGlobalSection
	GlobalSection(ProjectConfigurationPlatforms) = postSolution
		{79D1878B-5BDE-4DA0-BB21-6A39C4E9C1E8}.Debug|Any CPU.ActiveCfg = Debug|Any CPU
		{79D1878B-5BDE-4DA0-BB21-6A39C4E9C1E8}.Debug|Any CPU.Build.0 = Debug|Any CPU
		{79D1878B-5BDE-4DA0-BB21-6A39C4E9C1E8}.Release|Any CPU.ActiveCfg = Release|Any CPU
		{79D1878B-5BDE-4DA0-BB21-6A39C4E9C1E8}.Release|Any CPU.Build.0 = Release|Any CPU
		{20C72D5A-827F-438B-B56B-5C783CAEA475}.Debug|Any CPU.ActiveCfg = Debug|Any CPU
		{20C72D5A-827F-438B-B56B-5C783CAEA475}.Debug|Any CPU.Build.0 = Debug|Any CPU
		{20C72D5A-827F-438B-B56B-5C783CAEA475}.Release|Any CPU.ActiveCfg = Release|Any CPU
		{20C72D5A-827F-438B-B56B-5C783CAEA475}.Release|Any CPU.Build.0 = Release|Any CPU
		{A94C2D54-EB39-4663-B7F4-5F0EF7590BA9}.Debug|Any CPU.ActiveCfg = Debug|Any CPU
		{A94C2D54-EB39-4663-B7F4-5F0EF7590BA9}.Debug|Any CPU.Build.0 = Debug|Any CPU
		{A94C2D54-EB39-4663-B7F4-5F0EF7590BA9}.Release|Any CPU.ActiveCfg = Release|Any CPU
		{A94C2D54-EB39-4663-B7F4-5F0EF7590BA9}.Release|Any CPU.Build.0 = Release|Any CPU
		{B8E091DC-4EBD-4AA0-B37E-1CF02A1B57A0}.Debug|Any CPU.ActiveCfg = Debug|Any CPU
		{B8E091DC-4EBD-4AA0-B37E-1CF02A1B57A0}.Debug|Any CPU.Build.0 = Debug|Any CPU
		{B8E091DC-4EBD-4AA0-B37E-1CF02A1B57A0}.Release|Any CPU.ActiveCfg = Release|Any CPU
		{B8E091DC-4EBD-4AA0-B37E-1CF02A1B57A0}.Release|Any CPU.Build.0 = Release|Any CPU
	EndGlobalSection
	GlobalSection(SolutionProperties) = preSolution
		HideSolutionNode = FALSE
	EndGlobalSection
EndGlobal
